{
  "name": "cec-checker-app",
  "version": "1.0.0",
  "lockfileVersion": 2,
  "requires": true,
  "packages": {
    "": {
      "name": "cec-checker-app",
      "version": "1.0.0",
      "license": "ISC",
      "dependencies": {
        "broadlinkjs": "^0.1.0",
        "broadlinkjs-rm": "^0.7.6",
        "hdmi-cec": "^0.2.8",
        "node-cec": "^0.1.2"
      }
    },
    "node_modules/@types/node": {
      "version": "7.10.14",
      "resolved": "https://registry.npmjs.org/@types/node/-/node-7.10.14.tgz",
      "integrity": "sha512-29GS75BE8asnTno3yB6ubOJOO0FboExEqNJy4bpz0GSmW/8wPTNL4h9h63c6s1uTrOopCmJYe/4yJLh5r92ZUA=="
    },
    "node_modules/broadlinkjs": {
      "version": "0.1.0",
      "resolved": "https://registry.npmjs.org/broadlinkjs/-/broadlinkjs-0.1.0.tgz",
      "integrity": "sha512-wTmzAw3k3aRuupL542EU1gfbSeb67gC3f8qD0YE+oOpN2X1EtqOs62hOdpfP8Jnt1ZDjUQ3ZeUeSgTXYACWafw==",
      "dependencies": {
        "@types/node": "^7.0.5"
      }
    },
    "node_modules/broadlinkjs-rm": {
      "version": "0.7.6",
      "resolved": "https://registry.npmjs.org/broadlinkjs-rm/-/broadlinkjs-rm-0.7.6.tgz",
      "integrity": "sha512-eCM0S13WMclKb805f8ggWcsr+aSlBDnGjwHkOeZL9sDq2Te7C1veueGBFw4rQcJPp2Thj0WTebcsjxDr+XBh0w=="
    },
    "node_modules/debug": {
      "version": "2.6.9",
      "resolved": "https://registry.npmjs.org/debug/-/debug-2.6.9.tgz",
      "integrity": "sha512-bC7ElrdJaJnPbAP+1EotYvqZsb3ecl5wi6Bfi6BJTUcNowp6cvspg0jXznRTKDjm/E7AdgFBVeAPVMNcKGsHMA==",
      "dependencies": {
        "ms": "2.0.0"
      }
    },
    "node_modules/eventemitter3": {
      "version": "2.0.3",
      "resolved": "https://registry.npmjs.org/eventemitter3/-/eventemitter3-2.0.3.tgz",
      "integrity": "sha512-jLN68Dx5kyFHaePoXWPsCGW5qdyZQtLYHkxkg02/Mz6g0kYpDx4FyP6XfArhQdlOC4b8Mv+EMxPo/8La7Tzghg=="
    },
    "node_modules/hdmi-cec": {
      "version": "0.2.8",
      "resolved": "https://registry.npmjs.org/hdmi-cec/-/hdmi-cec-0.2.8.tgz",
      "integrity": "sha512-baIK6yGcwJ2hYOlUGQVk39Vp64Kx+H35Svo5DBXPxczmdb1rmTlc9fRay3/Y+5Jxg94m5if7GfuEmE4ECeRWcQ==",
      "dependencies": {
        "debug": "^2.6.8",
        "eventemitter3": "^2.0.3"
      }
    },
    "node_modules/ms": {
      "version": "2.0.0",
      "resolved": "https://registry.npmjs.org/ms/-/ms-2.0.0.tgz",
      "integrity": "sha512-Tpp60P6IUJDTuOq/5Z8cdskzJujfwqfOTkrwIwj7IRISpnkJnT6SyJ4PCPnGMoFjC9ddhal5KVIYtAt97ix05A=="
    },
    "node_modules/node-cec": {
      "version": "0.1.2",
      "resolved": "https://registry.npmjs.org/node-cec/-/node-cec-0.1.2.tgz",
      "integrity": "sha512-eZiwV5ax1CuF/fbmPBt9K5jzCu/nrxomQ8iRSpuqiAKyWee9ClgErNKntQGt67KOmUnl//aYXgOnG68+WtsIdQ=="
    }
  },
  "dependencies": {
    "@types/node": {
      "version": "7.10.14",
      "resolved": "https://registry.npmjs.org/@types/node/-/node-7.10.14.tgz",
      "integrity": "sha512-29GS75BE8asnTno3yB6ubOJOO0FboExEqNJy4bpz0GSmW/8wPTNL4h9h63c6s1uTrOopCmJYe/4yJLh5r92ZUA=="
    },
    "broadlinkjs": {
      "version": "0.1.0",
      "resolved": "https://registry.npmjs.org/broadlinkjs/-/broadlinkjs-0.1.0.tgz",
      "integrity": "sha512-wTmzAw3k3aRuupL542EU1gfbSeb67gC3f8qD0YE+oOpN2X1EtqOs62hOdpfP8Jnt1ZDjUQ3ZeUeSgTXYACWafw==",
      "requires": {
        "@types/node": "^7.0.5"
      }
    },
    "broadlinkjs-rm": {
      "version": "0.7.6",
      "resolved": "https://registry.npmjs.org/broadlinkjs-rm/-/broadlinkjs-rm-0.7.6.tgz",
      "integrity": "sha512-eCM0S13WMclKb805f8ggWcsr+aSlBDnGjwHkOeZL9sDq2Te7C1veueGBFw4rQcJPp2Thj0WTebcsjxDr+XBh0w=="
    },
    "debug": {
      "version": "2.6.9",
      "resolved": "https://registry.npmjs.org/debug/-/debug-2.6.9.tgz",
      "integrity": "sha512-bC7ElrdJaJnPbAP+1EotYvqZsb3ecl5wi6Bfi6BJTUcNowp6cvspg0jXznRTKDjm/E7AdgFBVeAPVMNcKGsHMA==",
      "requires": {
        "ms": "2.0.0"
      }
    },
    "eventemitter3": {
      "version": "2.0.3",
      "resolved": "https://registry.npmjs.org/eventemitter3/-/eventemitter3-2.0.3.tgz",
      "integrity": "sha512-jLN68Dx5kyFHaePoXWPsCGW5qdyZQtLYHkxkg02/Mz6g0kYpDx4FyP6XfArhQdlOC4b8Mv+EMxPo/8La7Tzghg=="
    },
    "hdmi-cec": {
      "version": "0.2.8",
      "resolved": "https://registry.npmjs.org/hdmi-cec/-/hdmi-cec-0.2.8.tgz",
      "integrity": "sha512-baIK6yGcwJ2hYOlUGQVk39Vp64Kx+H35Svo5DBXPxczmdb1rmTlc9fRay3/Y+5Jxg94m5if7GfuEmE4ECeRWcQ==",
      "requires": {
        "debug": "^2.6.8",
        "eventemitter3": "^2.0.3"
      }
    },
    "ms": {
      "version": "2.0.0",
      "resolved": "https://registry.npmjs.org/ms/-/ms-2.0.0.tgz",
      "integrity": "sha512-Tpp60P6IUJDTuOq/5Z8cdskzJujfwqfOTkrwIwj7IRISpnkJnT6SyJ4PCPnGMoFjC9ddhal5KVIYtAt97ix05A=="
    },
    "node-cec": {
      "version": "0.1.2",
      "resolved": "https://registry.npmjs.org/node-cec/-/node-cec-0.1.2.tgz",
      "integrity": "sha512-eZiwV5ax1CuF/fbmPBt9K5jzCu/nrxomQ8iRSpuqiAKyWee9ClgErNKntQGt67KOmUnl//aYXgOnG68+WtsIdQ=="
    }
  }
}
